
Microsoft Visual Studio Solution File, Format Version 12.00
# Visual Studio Version 16
VisualStudioVersion = 16.0.30804.86
MinimumVisualStudioVersion = 10.0.40219.1
Project("{9A19103F-16F7-4668-BE54-9A1E7A4F7556}") = "Worker1", "Worker1\Worker1.csproj", "{CC5597D9-15C3-4759-B35D-0EBE5996CF98}"
EndProject
Global
	GlobalSection(SolutionConfigurationPlatforms) = preSolution
		Debug|Any CPU = Debug|Any CPU
		Release|Any CPU = Release|Any CPU
	EndGlobalSection
	GlobalSection(ProjectConfigurationPlatforms) = postSolution
		{CC5597D9-15C3-4759-B35D-0EBE5996CF98}.Debug|Any CPU.ActiveCfg = Debug|Any CPU
		{CC5597D9-15C3-4759-B35D-0EBE5996CF98}.Debug|Any CPU.Build.0 = Debug|Any CPU
		{CC5597D9-15C3-4759-B35D-0EBE5996CF98}.Release|Any CPU.ActiveCfg = Release|Any CPU
		{CC5597D9-15C3-4759-B35D-0EBE5996CF98}.Release|Any CPU.Build.0 = Release|Any CPU
	EndGlobalSection
	GlobalSection(SolutionProperties) = preSolution
		HideSolutionNode = FALSE
	EndGlobalSection
	GlobalSection(ExtensibilityGlobals) = postSolution
		SolutionGuid = {7D231403-554F-4BC3-BC91-BEBD88161F3C}
	EndGlobalSection
EndGlobal
