
Microsoft Visual Studio Solution File, Format Version 12.00
# Visual Studio Version 16
VisualStudioVersion = 16.0.30804.86
MinimumVisualStudioVersion = 10.0.40219.1
Project("{2150E333-8FDC-42A3-9474-1A3956D46DE8}") = "Solution Items", "Solution Items", "{5C34B92A-6091-4639-B4FC-046C2F813D72}"
	ProjectSection(SolutionItems) = preProject
		Build_Push_Docker_dev.ps1 = Build_Push_Docker_dev.ps1
		k8s\dev-damrest.yaml = k8s\dev-damrest.yaml
	EndProjectSection
EndProject
Project("{9A19103F-16F7-4668-BE54-9A1E7A4F7556}") = "Client1", "Client1\Client1.csproj", "{68B313C4-BFA9-4DB3-BE14-7474B59FBC6C}"
EndProject
Global
	GlobalSection(SolutionConfigurationPlatforms) = preSolution
		Debug|Any CPU = Debug|Any CPU
		Release|Any CPU = Release|Any CPU
	EndGlobalSection
	GlobalSection(ProjectConfigurationPlatforms) = postSolution
		{68B313C4-BFA9-4DB3-BE14-7474B59FBC6C}.Debug|Any CPU.ActiveCfg = Debug|Any CPU
		{68B313C4-BFA9-4DB3-BE14-7474B59FBC6C}.Debug|Any CPU.Build.0 = Debug|Any CPU
		{68B313C4-BFA9-4DB3-BE14-7474B59FBC6C}.Release|Any CPU.ActiveCfg = Release|Any CPU
		{68B313C4-BFA9-4DB3-BE14-7474B59FBC6C}.Release|Any CPU.Build.0 = Release|Any CPU
	EndGlobalSection
	GlobalSection(SolutionProperties) = preSolution
		HideSolutionNode = FALSE
	EndGlobalSection
	GlobalSection(ExtensibilityGlobals) = postSolution
		SolutionGuid = {B2FED789-DFC3-496E-A6A0-153EAEC687B0}
	EndGlobalSection
EndGlobal
